# @generated by Move, please check-in and do not edit manually.

[move]
version = 3
manifest_digest = "215D47C8DDBE3087988885B60C1C920D74D31F716164BF3E7C5050B319692340"
deps_digest = "F8BBB0CCB2491CA29A3DF03D6F92277A4F3574266507ACD77214D37ECA3F3082"
dependencies = [
  { id = "Sui", name = "Sui" },
]

[[move.package]]
id = "MoveStdlib"
source = { git = "https://github.com/MystenLabs/sui.git", rev = "framework/testnet", subdir = "crates/sui-framework/packages/move-stdlib" }

[[move.package]]
id = "Sui"
source = { git = "https://github.com/MystenLabs/sui.git", rev = "framework/testnet", subdir = "crates/sui-framework/packages/sui-framework" }

dependencies = [
  { id = "MoveStdlib", name = "MoveStdlib" },
]

[move.toolchain-version]
compiler-version = "1.41.0"
edition = "2024.beta"
flavor = "sui"

[env]

[env.local]
chain-id = "f0a932da"
original-published-id = "0xde0a4f76aaac416bb284887de1d258946eb228ec2b0ddcd3b8130e35a6517f2f"
latest-published-id = "0xde0a4f76aaac416bb284887de1d258946eb228ec2b0ddcd3b8130e35a6517f2f"
published-version = "1"

[env.localnet]
chain-id = "e2335f8f"
original-published-id = "0xe63e92137c2501c3f43b647f4ff4cd82ac030787e543ab5a26ba1fe554f81371"
latest-published-id = "0xe63e92137c2501c3f43b647f4ff4cd82ac030787e543ab5a26ba1fe554f81371"
published-version = "1"
